<?xml version="1.0" encoding="UTF-8" standalone="yes" ?>
<CodeBlocks_project_file>
	<FileVersion major="1" minor="6" />
	<Project>
		<Option title="HelloGLFW" />
		<Option pch_mode="2" />
		<Option compiler="gcc" />
		<Build>
			<Target title="Debug">
				<Option output="bin/Debug/HelloGLFW" prefix_auto="1" extension_auto="1" />
				<Option object_output="obj/Debug/" />
				<Option type="1" />
				<Option compiler="gcc" />
				<Compiler>
					<Add option="-std=c++0x" />
					<Add option="-g" />
					<Add directory="include" />
				</Compiler>
				<Linker>
					<Add option="-lglfw3 -lSOIL -lGL -lX11 -lXi -lXrandr -lXxf86vm -lXinerama -lXcursor -lrt -lm -pthread" />
					<Add library="lib/libGLEW.a" />
					<Add library="lib/libSOIL.a" />
					<Add directory="lib" />
				</Linker>
			</Target>
			<Target title="Release">
				<Option output="bin/Release/HelloGLFW" prefix_auto="1" extension_auto="1" />
				<Option object_output="obj/Release/" />
				<Option type="1" />
				<Option compiler="gcc" />
				<Compiler>
					<Add option="-O2" />
					<Add directory="include" />
				</Compiler>
				<Linker>
					<Add option="-s" />
				</Linker>
			</Target>
		</Build>
		<Compiler>
			<Add option="-Wall" />
			<Add option="-fexceptions" />
		</Compiler>
		<Unit filename="include/FileUtils.h" />
		<Unit filename="include/Game.h" />
		<Unit filename="include/Loader.h" />
		<Unit filename="include/MathUtils.h" />
		<Unit filename="include/Mesh.h" />
		<Unit filename="include/Shader.h" />
		<Unit filename="include/StringUtils.h" />
		<Unit filename="include/Vertex.h" />
		<Unit filename="include/Window.h" />
		<Unit filename="include/tinyobjloader.h" />
		<Unit filename="main.cpp" />
		<Unit filename="res/shaders/basicShader.fs" />
		<Unit filename="res/shaders/basicShader.vs" />
		<Unit filename="src/FileUtils.cpp" />
		<Unit filename="src/Game.cpp" />
		<Unit filename="src/Loader.cpp" />
		<Unit filename="src/MathUtils.cpp" />
		<Unit filename="src/Mesh.cpp" />
		<Unit filename="src/Shader.cpp" />
		<Unit filename="src/StringUtils.cpp" />
		<Unit filename="src/Window.cpp" />
		<Extensions>
			<code_completion />
			<debugger />
		</Extensions>
	</Project>
</CodeBlocks_project_file>
